# This file is @generated by PDM.
# It is not intended for manual editing.

[metadata]
groups = ["default", "dev"]
strategy = ["cross_platform", "inherit_metadata"]
lock_version = "4.4.1"
content_hash = "sha256:07628660fc2d3ac4a70a648d7c1d8e77f21ef2bf846e10dc662d2a53d33a4c5a"

[[package]]
name = "importlab"
version = "0.8.1"
requires_python = ">=3.6.0"
summary = "A library to calculate python dependency graphs."
groups = ["dev"]
dependencies = [
    "networkx>=2",
]
files = [
    {file = "importlab-0.8.1-py2.py3-none-any.whl", hash = "sha256:124cfa00e8a34fefe8aac1a5e94f56c781b178c9eb61a1d3f60f7e03b77338d3"},
    {file = "importlab-0.8.1.tar.gz", hash = "sha256:b3893853b1f6eb027da509c3b40e6787e95dd66b4b66f1b3613aad77556e1465"},
]

[[package]]
name = "networkx"
version = "3.3"
requires_python = ">=3.10"
summary = "Python package for creating and manipulating graphs and networks"
groups = ["dev"]
files = [
    {file = "networkx-3.3-py3-none-any.whl", hash = "sha256:28575580c6ebdaf4505b22c6256a2b9de86b316dc63ba9e93abde3d78dfdbcf2"},
    {file = "networkx-3.3.tar.gz", hash = "sha256:0c127d8b2f4865f59ae9cb8aafcd60b5c70f3241ebd66f7defad7c4ab90126c9"},
]

[[package]]
name = "orbie"
version = "0.1.3"
requires_python = ">=3.12"
path = "../dist/orbie-0.1.3-py3-none-any.whl"
summary = "A checker to restrict the tangling of import interdependencies"
groups = ["dev"]
dependencies = [
    "importlab>=0.8.1",
]
files = [
    {file = "orbie-0.1.3-py3-none-any.whl", hash = "sha256:f44992fe4ac70b572703749b1c8e81f1e12fa8a7891ee77ee3b538c3f5b86b2f"},
]
